
Microsoft Visual Studio Solution File, Format Version 12.00
# Visual Studio Version 17
VisualStudioVersion = 17.4.33213.308
MinimumVisualStudioVersion = 10.0.40219.1
Project("{FAE04EC0-301F-11D3-BF4B-00C04F79EFBC}") = "OperacionesBasicas", "OperacionesBasicas.csproj", "{3132F318-C91A-44E5-BCAE-A015FD480D8F}"
EndProject
Global
	GlobalSection(SolutionConfigurationPlatforms) = preSolution
		Debug|Any CPU = Debug|Any CPU
		Release|Any CPU = Release|Any CPU
	EndGlobalSection
	GlobalSection(ProjectConfigurationPlatforms) = postSolution
		{3132F318-C91A-44E5-BCAE-A015FD480D8F}.Debug|Any CPU.ActiveCfg = Debug|Any CPU
		{3132F318-C91A-44E5-BCAE-A015FD480D8F}.Debug|Any CPU.Build.0 = Debug|Any CPU
		{3132F318-C91A-44E5-BCAE-A015FD480D8F}.Release|Any CPU.ActiveCfg = Release|Any CPU
		{3132F318-C91A-44E5-BCAE-A015FD480D8F}.Release|Any CPU.Build.0 = Release|Any CPU
	EndGlobalSection
	GlobalSection(SolutionProperties) = preSolution
		HideSolutionNode = FALSE
	EndGlobalSection
	GlobalSection(ExtensibilityGlobals) = postSolution
		SolutionGuid = {79DDE96A-E12F-47B8-8A28-FFA47C0DFBE6}
	EndGlobalSection
EndGlobal
